// !$*UTF8*$!
{
	archiveVersion = 1;
	classes = {
	};
	objectVersion = 46;
	objects = {

/* Begin PBXBuildFile section */
		066F81541B36BAA400277424 /* ViewController.m in Sources */ = {isa = PBXBuildFile; fileRef = 066F81531B36BAA400277424 /* ViewController.m */; };
		066F81571B36BAA400277424 /* Main.storyboard in Resources */ = {isa = PBXBuildFile; fileRef = 066F81551B36BAA400277424 /* Main.storyboard */; };
		066F81591B36BAA400277424 /* Images.xcassets in Resources */ = {isa = PBXBuildFile; fileRef = 066F81581B36BAA400277424 /* Images.xcassets */; };
		066F815C1B36BAA400277424 /* LaunchScreen.xib in Resources */ = {isa = PBXBuildFile; fileRef = 066F815A1B36BAA400277424 /* LaunchScreen.xib */; };
		066F81681B36BAA500277424 /* ZJNetCaseTests.m in Sources */ = {isa = PBXBuildFile; fileRef = 066F81671B36BAA500277424 /* ZJNetCaseTests.m */; };
		066F818A1B36BE3F00277424 /* ZJTitleView.m in Sources */ = {isa = PBXBuildFile; fileRef = 066F81891B36BE3F00277424 /* ZJTitleView.m */; };
		066F81911B36C22200277424 /* UIBarButtonItem+JYDExtension.m in Sources */ = {isa = PBXBuildFile; fileRef = 066F81901B36C22200277424 /* UIBarButtonItem+JYDExtension.m */; };
		066F81941B36C26100277424 /* UIView+JYDExtension.m in Sources */ = {isa = PBXBuildFile; fileRef = 066F81931B36C26100277424 /* UIView+JYDExtension.m */; };
		066F81971B36C2AF00277424 /* UIImage+JYDExtention.m in Sources */ = {isa = PBXBuildFile; fileRef = 066F81961B36C2AF00277424 /* UIImage+JYDExtention.m */; };
		066F819B1B36C61C00277424 /* ZJLeftMenu.m in Sources */ = {isa = PBXBuildFile; fileRef = 066F819A1B36C61C00277424 /* ZJLeftMenu.m */; };
		066F81AA1B36CD8D00277424 /* ZJNavigationController.m in Sources */ = {isa = PBXBuildFile; fileRef = 066F81A91B36CD8D00277424 /* ZJNavigationController.m */; };
		066F81AD1B36CDED00277424 /* ZJNewsViewController.m in Sources */ = {isa = PBXBuildFile; fileRef = 066F81AC1B36CDED00277424 /* ZJNewsViewController.m */; };
		066F81B01B36CE0900277424 /* ZJReadingViewController.m in Sources */ = {isa = PBXBuildFile; fileRef = 066F81AF1B36CE0900277424 /* ZJReadingViewController.m */; };
		06EBE1F41B38044100B34FBE /* AppDelegate.m in Sources */ = {isa = PBXBuildFile; fileRef = 06EBE1F21B38044100B34FBE /* AppDelegate.m */; };
		06EBE1F51B38044100B34FBE /* main.m in Sources */ = {isa = PBXBuildFile; fileRef = 06EBE1F31B38044100B34FBE /* main.m */; };
		06EBE1F81B3806DD00B34FBE /* ZJNavigationBar.m in Sources */ = {isa = PBXBuildFile; fileRef = 06EBE1F71B3806DD00B34FBE /* ZJNavigationBar.m */; };
		06EBE1FB1B3808E100B34FBE /* ZJAdViewController.m in Sources */ = {isa = PBXBuildFile; fileRef = 06EBE1FA1B3808E100B34FBE /* ZJAdViewController.m */; };
/* End PBXBuildFile section */

/* Begin PBXContainerItemProxy section */
		066F81621B36BAA500277424 /* PBXContainerItemProxy */ = {
			isa = PBXContainerItemProxy;
			containerPortal = 066F81401B36BAA400277424 /* Project object */;
			proxyType = 1;
			remoteGlobalIDString = 066F81471B36BAA400277424;
			remoteInfo = ZJNetCase;
		};
/* End PBXContainerItemProxy section */

/* Begin PBXFileReference section */
		066F81481B36BAA400277424 /* ZJNetCase.app */ = {isa = PBXFileReference; explicitFileType = wrapper.application; includeInIndex = 0; path = ZJNetCase.app; sourceTree = BUILT_PRODUCTS_DIR; };
		066F814C1B36BAA400277424 /* Info.plist */ = {isa = PBXFileReference; lastKnownFileType = text.plist.xml; path = Info.plist; sourceTree = "<group>"; };
		066F81521B36BAA400277424 /* ViewController.h */ = {isa = PBXFileReference; lastKnownFileType = sourcecode.c.h; path = ViewController.h; sourceTree = "<group>"; };
		066F81531B36BAA400277424 /* ViewController.m */ = {isa = PBXFileReference; lastKnownFileType = sourcecode.c.objc; path = ViewController.m; sourceTree = "<group>"; };
		066F81561B36BAA400277424 /* Base */ = {isa = PBXFileReference; lastKnownFileType = file.storyboard; name = Base; path = Base.lproj/Main.storyboard; sourceTree = "<group>"; };
		066F81581B36BAA400277424 /* Images.xcassets */ = {isa = PBXFileReference; lastKnownFileType = folder.assetcatalog; path = Images.xcassets; sourceTree = "<group>"; };
		066F815B1B36BAA400277424 /* Base */ = {isa = PBXFileReference; lastKnownFileType = file.xib; name = Base; path = Base.lproj/LaunchScreen.xib; sourceTree = "<group>"; };
		066F81611B36BAA500277424 /* ZJNetCaseTests.xctest */ = {isa = PBXFileReference; explicitFileType = wrapper.cfbundle; includeInIndex = 0; path = ZJNetCaseTests.xctest; sourceTree = BUILT_PRODUCTS_DIR; };
		066F81661B36BAA500277424 /* Info.plist */ = {isa = PBXFileReference; lastKnownFileType = text.plist.xml; path = Info.plist; sourceTree = "<group>"; };
		066F81671B36BAA500277424 /* ZJNetCaseTests.m */ = {isa = PBXFileReference; lastKnownFileType = sourcecode.c.objc; path = ZJNetCaseTests.m; sourceTree = "<group>"; };
		066F81881B36BE3F00277424 /* ZJTitleView.h */ = {isa = PBXFileReference; fileEncoding = 4; lastKnownFileType = sourcecode.c.h; path = ZJTitleView.h; sourceTree = "<group>"; };
		066F81891B36BE3F00277424 /* ZJTitleView.m */ = {isa = PBXFileReference; fileEncoding = 4; lastKnownFileType = sourcecode.c.objc; path = ZJTitleView.m; sourceTree = "<group>"; };
		066F818E1B36BF7D00277424 /* PrefixHeader.pch */ = {isa = PBXFileReference; fileEncoding = 4; lastKnownFileType = sourcecode.c.h; path = PrefixHeader.pch; sourceTree = "<group>"; };
		066F818F1B36C22200277424 /* UIBarButtonItem+JYDExtension.h */ = {isa = PBXFileReference; fileEncoding = 4; lastKnownFileType = sourcecode.c.h; path = "UIBarButtonItem+JYDExtension.h"; sourceTree = "<group>"; };
		066F81901B36C22200277424 /* UIBarButtonItem+JYDExtension.m */ = {isa = PBXFileReference; fileEncoding = 4; lastKnownFileType = sourcecode.c.objc; path = "UIBarButtonItem+JYDExtension.m"; sourceTree = "<group>"; };
		066F81921B36C26100277424 /* UIView+JYDExtension.h */ = {isa = PBXFileReference; fileEncoding = 4; lastKnownFileType = sourcecode.c.h; path = "UIView+JYDExtension.h"; sourceTree = "<group>"; };
		066F81931B36C26100277424 /* UIView+JYDExtension.m */ = {isa = PBXFileReference; fileEncoding = 4; lastKnownFileType = sourcecode.c.objc; path = "UIView+JYDExtension.m"; sourceTree = "<group>"; };
		066F81951B36C2AF00277424 /* UIImage+JYDExtention.h */ = {isa = PBXFileReference; fileEncoding = 4; lastKnownFileType = sourcecode.c.h; path = "UIImage+JYDExtention.h"; sourceTree = "<group>"; };
		066F81961B36C2AF00277424 /* UIImage+JYDExtention.m */ = {isa = PBXFileReference; fileEncoding = 4; lastKnownFileType = sourcecode.c.objc; path = "UIImage+JYDExtention.m"; sourceTree = "<group>"; };
		066F81991B36C61C00277424 /* ZJLeftMenu.h */ = {isa = PBXFileReference; fileEncoding = 4; lastKnownFileType = sourcecode.c.h; path = ZJLeftMenu.h; sourceTree = "<group>"; };
		066F819A1B36C61C00277424 /* ZJLeftMenu.m */ = {isa = PBXFileReference; fileEncoding = 4; lastKnownFileType = sourcecode.c.objc; path = ZJLeftMenu.m; sourceTree = "<group>"; };
		066F81A81B36CD8D00277424 /* ZJNavigationController.h */ = {isa = PBXFileReference; fileEncoding = 4; lastKnownFileType = sourcecode.c.h; path = ZJNavigationController.h; sourceTree = "<group>"; };
		066F81A91B36CD8D00277424 /* ZJNavigationController.m */ = {isa = PBXFileReference; fileEncoding = 4; lastKnownFileType = sourcecode.c.objc; path = ZJNavigationController.m; sourceTree = "<group>"; };
		066F81AB1B36CDED00277424 /* ZJNewsViewController.h */ = {isa = PBXFileReference; fileEncoding = 4; lastKnownFileType = sourcecode.c.h; path = ZJNewsViewController.h; sourceTree = "<group>"; };
		066F81AC1B36CDED00277424 /* ZJNewsViewController.m */ = {isa = PBXFileReference; fileEncoding = 4; lastKnownFileType = sourcecode.c.objc; path = ZJNewsViewController.m; sourceTree = "<group>"; };
		066F81AE1B36CE0900277424 /* ZJReadingViewController.h */ = {isa = PBXFileReference; fileEncoding = 4; lastKnownFileType = sourcecode.c.h; path = ZJReadingViewController.h; sourceTree = "<group>"; };
		066F81AF1B36CE0900277424 /* ZJReadingViewController.m */ = {isa = PBXFileReference; fileEncoding = 4; lastKnownFileType = sourcecode.c.objc; path = ZJReadingViewController.m; sourceTree = "<group>"; };
		06EBE1F11B38044100B34FBE /* AppDelegate.h */ = {isa = PBXFileReference; fileEncoding = 4; lastKnownFileType = sourcecode.c.h; name = AppDelegate.h; path = ZJNetCase/AppDelegate.h; sourceTree = SOURCE_ROOT; };
		06EBE1F21B38044100B34FBE /* AppDelegate.m */ = {isa = PBXFileReference; fileEncoding = 4; lastKnownFileType = sourcecode.c.objc; name = AppDelegate.m; path = ZJNetCase/AppDelegate.m; sourceTree = SOURCE_ROOT; };
		06EBE1F31B38044100B34FBE /* main.m */ = {isa = PBXFileReference; fileEncoding = 4; lastKnownFileType = sourcecode.c.objc; name = main.m; path = ZJNetCase/main.m; sourceTree = SOURCE_ROOT; };
		06EBE1F61B3806DD00B34FBE /* ZJNavigationBar.h */ = {isa = PBXFileReference; fileEncoding = 4; lastKnownFileType = sourcecode.c.h; path = ZJNavigationBar.h; sourceTree = "<group>"; };
		06EBE1F71B3806DD00B34FBE /* ZJNavigationBar.m */ = {isa = PBXFileReference; fileEncoding = 4; lastKnownFileType = sourcecode.c.objc; path = ZJNavigationBar.m; sourceTree = "<group>"; };
		06EBE1F91B3808E100B34FBE /* ZJAdViewController.h */ = {isa = PBXFileReference; fileEncoding = 4; lastKnownFileType = sourcecode.c.h; path = ZJAdViewController.h; sourceTree = "<group>"; };
		06EBE1FA1B3808E100B34FBE /* ZJAdViewController.m */ = {isa = PBXFileReference; fileEncoding = 4; lastKnownFileType = sourcecode.c.objc; path = ZJAdViewController.m; sourceTree = "<group>"; };
/* End PBXFileReference section */

/* Begin PBXFrameworksBuildPhase section */
		066F81451B36BAA400277424 /* Frameworks */ = {
			isa = PBXFrameworksBuildPhase;
			buildActionMask = 2147483647;
			files = (
			);
			runOnlyForDeploymentPostprocessing = 0;
		};
		066F815E1B36BAA500277424 /* Frameworks */ = {
			isa = PBXFrameworksBuildPhase;
			buildActionMask = 2147483647;
			files = (
			);
			runOnlyForDeploymentPostprocessing = 0;
		};
/* End PBXFrameworksBuildPhase section */

/* Begin PBXGroup section */
		066F813F1B36BAA400277424 = {
			isa = PBXGroup;
			children = (
				066F814A1B36BAA400277424 /* ZJNetCase */,
				066F81641B36BAA500277424 /* ZJNetCaseTests */,
				066F81491B36BAA400277424 /* Products */,
			);
			sourceTree = "<group>";
		};
		066F81491B36BAA400277424 /* Products */ = {
			isa = PBXGroup;
			children = (
				066F81481B36BAA400277424 /* ZJNetCase.app */,
				066F81611B36BAA500277424 /* ZJNetCaseTests.xctest */,
			);
			name = Products;
			sourceTree = "<group>";
		};
		066F814A1B36BAA400277424 /* ZJNetCase */ = {
			isa = PBXGroup;
			children = (
				066F819E1B36CD4E00277424 /* controller */,
				066F817B1B36BDBB00277424 /* Other */,
				066F817F1B36BDBB00277424 /* View */,
				066F81711B36BDAE00277424 /* Category */,
				066F81521B36BAA400277424 /* ViewController.h */,
				066F81531B36BAA400277424 /* ViewController.m */,
				066F81551B36BAA400277424 /* Main.storyboard */,
				066F815A1B36BAA400277424 /* LaunchScreen.xib */,
				066F814B1B36BAA400277424 /* Supporting Files */,
			);
			path = ZJNetCase;
			sourceTree = "<group>";
		};
		066F814B1B36BAA400277424 /* Supporting Files */ = {
			isa = PBXGroup;
			children = (
				066F81581B36BAA400277424 /* Images.xcassets */,
				066F814C1B36BAA400277424 /* Info.plist */,
				066F818E1B36BF7D00277424 /* PrefixHeader.pch */,
			);
			name = "Supporting Files";
			sourceTree = "<group>";
		};
		066F81641B36BAA500277424 /* ZJNetCaseTests */ = {
			isa = PBXGroup;
			children = (
				066F81671B36BAA500277424 /* ZJNetCaseTests.m */,
				066F81651B36BAA500277424 /* Supporting Files */,
			);
			path = ZJNetCaseTests;
			sourceTree = "<group>";
		};
		066F81651B36BAA500277424 /* Supporting Files */ = {
			isa = PBXGroup;
			children = (
				066F81661B36BAA500277424 /* Info.plist */,
			);
			name = "Supporting Files";
			sourceTree = "<group>";
		};
		066F81711B36BDAE00277424 /* Category */ = {
			isa = PBXGroup;
			children = (
				066F818F1B36C22200277424 /* UIBarButtonItem+JYDExtension.h */,
				066F81901B36C22200277424 /* UIBarButtonItem+JYDExtension.m */,
				066F81921B36C26100277424 /* UIView+JYDExtension.h */,
				066F81931B36C26100277424 /* UIView+JYDExtension.m */,
				066F81951B36C2AF00277424 /* UIImage+JYDExtention.h */,
				066F81961B36C2AF00277424 /* UIImage+JYDExtention.m */,
			);
			path = Category;
			sourceTree = "<group>";
		};
		066F817B1B36BDBB00277424 /* Other */ = {
			isa = PBXGroup;
			children = (
				06EBE1F11B38044100B34FBE /* AppDelegate.h */,
				06EBE1F21B38044100B34FBE /* AppDelegate.m */,
				06EBE1F31B38044100B34FBE /* main.m */,
			);
			path = Other;
			sourceTree = "<group>";
		};
		066F817F1B36BDBB00277424 /* View */ = {
			isa = PBXGroup;
			children = (
				066F81881B36BE3F00277424 /* ZJTitleView.h */,
				066F81891B36BE3F00277424 /* ZJTitleView.m */,
				066F81991B36C61C00277424 /* ZJLeftMenu.h */,
				066F819A1B36C61C00277424 /* ZJLeftMenu.m */,
				06EBE1F61B3806DD00B34FBE /* ZJNavigationBar.h */,
				06EBE1F71B3806DD00B34FBE /* ZJNavigationBar.m */,
			);
			path = View;
			sourceTree = "<group>";
		};
		066F819E1B36CD4E00277424 /* controller */ = {
			isa = PBXGroup;
			children = (
				066F81A81B36CD8D00277424 /* ZJNavigationController.h */,
				066F81A91B36CD8D00277424 /* ZJNavigationController.m */,
				066F81AB1B36CDED00277424 /* ZJNewsViewController.h */,
				066F81AC1B36CDED00277424 /* ZJNewsViewController.m */,
				066F81AE1B36CE0900277424 /* ZJReadingViewController.h */,
				066F81AF1B36CE0900277424 /* ZJReadingViewController.m */,
				06EBE1F91B3808E100B34FBE /* ZJAdViewController.h */,
				06EBE1FA1B3808E100B34FBE /* ZJAdViewController.m */,
			);
			name = controller;
			sourceTree = "<group>";
		};
/* End PBXGroup section */

/* Begin PBXNativeTarget section */
		066F81471B36BAA400277424 /* ZJNetCase */ = {
			isa = PBXNativeTarget;
			buildConfigurationList = 066F816B1B36BAA500277424 /* Build configuration list for PBXNativeTarget "ZJNetCase" */;
			buildPhases = (
				066F81441B36BAA400277424 /* Sources */,
				066F81451B36BAA400277424 /* Frameworks */,
				066F81461B36BAA400277424 /* Resources */,
			);
			buildRules = (
			);
			dependencies = (
			);
			name = ZJNetCase;
			productName = ZJNetCase;
			productReference = 066F81481B36BAA400277424 /* ZJNetCase.app */;
			productType = "com.apple.product-type.application";
		};
		066F81601B36BAA500277424 /* ZJNetCaseTests */ = {
			isa = PBXNativeTarget;
			buildConfigurationList = 066F816E1B36BAA500277424 /* Build configuration list for PBXNativeTarget "ZJNetCaseTests" */;
			buildPhases = (
				066F815D1B36BAA500277424 /* Sources */,
				066F815E1B36BAA500277424 /* Frameworks */,
				066F815F1B36BAA500277424 /* Resources */,
			);
			buildRules = (
			);
			dependencies = (
				066F81631B36BAA500277424 /* PBXTargetDependency */,
			);
			name = ZJNetCaseTests;
			productName = ZJNetCaseTests;
			productReference = 066F81611B36BAA500277424 /* ZJNetCaseTests.xctest */;
			productType = "com.apple.product-type.bundle.unit-test";
		};
/* End PBXNativeTarget section */

/* Begin PBXProject section */
		066F81401B36BAA400277424 /* Project object */ = {
			isa = PBXProject;
			attributes = {
				LastUpgradeCheck = 0630;
				ORGANIZATIONNAME = jyd;
				TargetAttributes = {
					066F81471B36BAA400277424 = {
						CreatedOnToolsVersion = 6.3.2;
					};
					066F81601B36BAA500277424 = {
						CreatedOnToolsVersion = 6.3.2;
						TestTargetID = 066F81471B36BAA400277424;
					};
				};
			};
			buildConfigurationList = 066F81431B36BAA400277424 /* Build configuration list for PBXProject "ZJNetCase" */;
			compatibilityVersion = "Xcode 3.2";
			developmentRegion = English;
			hasScannedForEncodings = 0;
			knownRegions = (
				en,
				Base,
			);
			mainGroup = 066F813F1B36BAA400277424;
			productRefGroup = 066F81491B36BAA400277424 /* Products */;
			projectDirPath = "";
			projectRoot = "";
			targets = (
				066F81471B36BAA400277424 /* ZJNetCase */,
				066F81601B36BAA500277424 /* ZJNetCaseTests */,
			);
		};
/* End PBXProject section */

/* Begin PBXResourcesBuildPhase section */
		066F81461B36BAA400277424 /* Resources */ = {
			isa = PBXResourcesBuildPhase;
			buildActionMask = 2147483647;
			files = (
				066F81571B36BAA400277424 /* Main.storyboard in Resources */,
				066F815C1B36BAA400277424 /* LaunchScreen.xib in Resources */,
				066F81591B36BAA400277424 /* Images.xcassets in Resources */,
			);
			runOnlyForDeploymentPostprocessing = 0;
		};
		066F815F1B36BAA500277424 /* Resources */ = {
			isa = PBXResourcesBuildPhase;
			buildActionMask = 2147483647;
			files = (
			);
			runOnlyForDeploymentPostprocessing = 0;
		};
/* End PBXResourcesBuildPhase section */

/* Begin PBXSourcesBuildPhase section */
		066F81441B36BAA400277424 /* Sources */ = {
			isa = PBXSourcesBuildPhase;
			buildActionMask = 2147483647;
			files = (
				06EBE1F51B38044100B34FBE /* main.m in Sources */,
				066F81AD1B36CDED00277424 /* ZJNewsViewController.m in Sources */,
				066F818A1B36BE3F00277424 /* ZJTitleView.m in Sources */,
				066F819B1B36C61C00277424 /* ZJLeftMenu.m in Sources */,
				066F81911B36C22200277424 /* UIBarButtonItem+JYDExtension.m in Sources */,
				066F81541B36BAA400277424 /* ViewController.m in Sources */,
				066F81941B36C26100277424 /* UIView+JYDExtension.m in Sources */,
				066F81AA1B36CD8D00277424 /* ZJNavigationController.m in Sources */,
				06EBE1F41B38044100B34FBE /* AppDelegate.m in Sources */,
				06EBE1F81B3806DD00B34FBE /* ZJNavigationBar.m in Sources */,
				066F81971B36C2AF00277424 /* UIImage+JYDExtention.m in Sources */,
				06EBE1FB1B3808E100B34FBE /* ZJAdViewController.m in Sources */,
				066F81B01B36CE0900277424 /* ZJReadingViewController.m in Sources */,
			);
			runOnlyForDeploymentPostprocessing = 0;
		};
		066F815D1B36BAA500277424 /* Sources */ = {
			isa = PBXSourcesBuildPhase;
			buildActionMask = 2147483647;
			files = (
				066F81681B36BAA500277424 /* ZJNetCaseTests.m in Sources */,
			);
			runOnlyForDeploymentPostprocessing = 0;
		};
/* End PBXSourcesBuildPhase section */

/* Begin PBXTargetDependency section */
		066F81631B36BAA500277424 /* PBXTargetDependency */ = {
			isa = PBXTargetDependency;
			target = 066F81471B36BAA400277424 /* ZJNetCase */;
			targetProxy = 066F81621B36BAA500277424 /* PBXContainerItemProxy */;
		};
/* End PBXTargetDependency section */

/* Begin PBXVariantGroup section */
		066F81551B36BAA400277424 /* Main.storyboard */ = {
			isa = PBXVariantGroup;
			children = (
				066F81561B36BAA400277424 /* Base */,
			);
			name = Main.storyboard;
			sourceTree = "<group>";
		};
		066F815A1B36BAA400277424 /* LaunchScreen.xib */ = {
			isa = PBXVariantGroup;
			children = (
				066F815B1B36BAA400277424 /* Base */,
			);
			name = LaunchScreen.xib;
			sourceTree = "<group>";
		};
/* End PBXVariantGroup section */

/* Begin XCBuildConfiguration section */
		066F81691B36BAA500277424 /* Debug */ = {
			isa = XCBuildConfiguration;
			buildSettings = {
				ALWAYS_SEARCH_USER_PATHS = NO;
				CLANG_CXX_LANGUAGE_STANDARD = "gnu++0x";
				CLANG_CXX_LIBRARY = "libc++";
				CLANG_ENABLE_MODULES = YES;
				CLANG_ENABLE_OBJC_ARC = YES;
				CLANG_WARN_BOOL_CONVERSION = YES;
				CLANG_WARN_CONSTANT_CONVERSION = YES;
				CLANG_WARN_DIRECT_OBJC_ISA_USAGE = YES_ERROR;
				CLANG_WARN_EMPTY_BODY = YES;
				CLANG_WARN_ENUM_CONVERSION = YES;
				CLANG_WARN_INT_CONVERSION = YES;
				CLANG_WARN_OBJC_ROOT_CLASS = YES_ERROR;
				CLANG_WARN_UNREACHABLE_CODE = YES;
				CLANG_WARN__DUPLICATE_METHOD_MATCH = YES;
				"CODE_SIGN_IDENTITY[sdk=iphoneos*]" = "iPhone Developer";
				COPY_PHASE_STRIP = NO;
				DEBUG_INFORMATION_FORMAT = "dwarf-with-dsym";
				ENABLE_STRICT_OBJC_MSGSEND = YES;
				GCC_C_LANGUAGE_STANDARD = gnu99;
				GCC_DYNAMIC_NO_PIC = NO;
				GCC_NO_COMMON_BLOCKS = YES;
				GCC_OPTIMIZATION_LEVEL = 0;
				GCC_PREPROCESSOR_DEFINITIONS = (
					"DEBUG=1",
					"$(inherited)",
				);
				GCC_SYMBOLS_PRIVATE_EXTERN = NO;
				GCC_WARN_64_TO_32_BIT_CONVERSION = YES;
				GCC_WARN_ABOUT_RETURN_TYPE = YES_ERROR;
				GCC_WARN_UNDECLARED_SELECTOR = YES;
				GCC_WARN_UNINITIALIZED_AUTOS = YES_AGGRESSIVE;
				GCC_WARN_UNUSED_FUNCTION = YES;
				GCC_WARN_UNUSED_VARIABLE = YES;
				IPHONEOS_DEPLOYMENT_TARGET = 8.3;
				MTL_ENABLE_DEBUG_INFO = YES;
				ONLY_ACTIVE_ARCH = YES;
				SDKROOT = iphoneos;
				TARGETED_DEVICE_FAMILY = "1,2";
			};
			name = Debug;
		};
		066F816A1B36BAA500277424 /* Release */ = {
			isa = XCBuildConfiguration;
			buildSettings = {
				ALWAYS_SEARCH_USER_PATHS = NO;
				CLANG_CXX_LANGUAGE_STANDARD = "gnu++0x";
				CLANG_CXX_LIBRARY = "libc++";
				CLANG_ENABLE_MODULES = YES;
				CLANG_ENABLE_OBJC_ARC = YES;
				CLANG_WARN_BOOL_CONVERSION = YES;
				CLANG_WARN_CONSTANT_CONVERSION = YES;
				CLANG_WARN_DIRECT_OBJC_ISA_USAGE = YES_ERROR;
				CLANG_WARN_EMPTY_BODY = YES;
				CLANG_WARN_ENUM_CONVERSION = YES;
				CLANG_WARN_INT_CONVERSION = YES;
				CLANG_WARN_OBJC_ROOT_CLASS = YES_ERROR;
				CLANG_WARN_UNREACHABLE_CODE = YES;
				CLANG_WARN__DUPLICATE_METHOD_MATCH = YES;
				"CODE_SIGN_IDENTITY[sdk=iphoneos*]" = "iPhone Developer";
				COPY_PHASE_STRIP = NO;
				DEBUG_INFORMATION_FORMAT = "dwarf-with-dsym";
				ENABLE_NS_ASSERTIONS = NO;
				ENABLE_STRICT_OBJC_MSGSEND = YES;
				GCC_C_LANGUAGE_STANDARD = gnu99;
				GCC_NO_COMMON_BLOCKS = YES;
				GCC_WARN_64_TO_32_BIT_CONVERSION = YES;
				GCC_WARN_ABOUT_RETURN_TYPE = YES_ERROR;
				GCC_WARN_UNDECLARED_SELECTOR = YES;
				GCC_WARN_UNINITIALIZED_AUTOS = YES_AGGRESSIVE;
				GCC_WARN_UNUSED_FUNCTION = YES;
				GCC_WARN_UNUSED_VARIABLE = YES;
				IPHONEOS_DEPLOYMENT_TARGET = 8.3;
				MTL_ENABLE_DEBUG_INFO = NO;
				SDKROOT = iphoneos;
				TARGETED_DEVICE_FAMILY = "1,2";
				VALIDATE_PRODUCT = YES;
			};
			name = Release;
		};
		066F816C1B36BAA500277424 /* Debug */ = {
			isa = XCBuildConfiguration;
			buildSettings = {
				ASSETCATALOG_COMPILER_APPICON_NAME = AppIcon;
				ASSETCATALOG_COMPILER_LAUNCHIMAGE_NAME = LaunchImage;
				GCC_PRECOMPILE_PREFIX_HEADER = YES;
				GCC_PREFIX_HEADER = "${SRCROOT}/ZJNetCase/PrefixHeader.pch";
				INFOPLIST_FILE = ZJNetCase/Info.plist;
				IPHONEOS_DEPLOYMENT_TARGET = 7.0;
				LD_RUNPATH_SEARCH_PATHS = "$(inherited) @executable_path/Frameworks";
				PRODUCT_NAME = "$(TARGET_NAME)";
			};
			name = Debug;
		};
		066F816D1B36BAA500277424 /* Release */ = {
			isa = XCBuildConfiguration;
			buildSettings = {
				ASSETCATALOG_COMPILER_APPICON_NAME = AppIcon;
				ASSETCATALOG_COMPILER_LAUNCHIMAGE_NAME = LaunchImage;
				GCC_PRECOMPILE_PREFIX_HEADER = YES;
				GCC_PREFIX_HEADER = "${SRCROOT}/ZJNetCase/PrefixHeader.pch";
				INFOPLIST_FILE = ZJNetCase/Info.plist;
				IPHONEOS_DEPLOYMENT_TARGET = 7.0;
				LD_RUNPATH_SEARCH_PATHS = "$(inherited) @executable_path/Frameworks";
				PRODUCT_NAME = "$(TARGET_NAME)";
			};
			name = Release;
		};
		066F816F1B36BAA500277424 /* Debug */ = {
			isa = XCBuildConfiguration;
			buildSettings = {
				BUNDLE_LOADER = "$(TEST_HOST)";
				FRAMEWORK_SEARCH_PATHS = (
					"$(SDKROOT)/Developer/Library/Frameworks",
					"$(inherited)",
				);
				GCC_PREPROCESSOR_DEFINITIONS = (
					"DEBUG=1",
					"$(inherited)",
				);
				INFOPLIST_FILE = ZJNetCaseTests/Info.plist;
				LD_RUNPATH_SEARCH_PATHS = "$(inherited) @executable_path/Frameworks @loader_path/Frameworks";
				PRODUCT_NAME = "$(TARGET_NAME)";
				TEST_HOST = "$(BUILT_PRODUCTS_DIR)/ZJNetCase.app/ZJNetCase";
			};
			name = Debug;
		};
		066F81701B36BAA500277424 /* Release */ = {
			isa = XCBuildConfiguration;
			buildSettings = {
				BUNDLE_LOADER = "$(TEST_HOST)";
				FRAMEWORK_SEARCH_PATHS = (
					"$(SDKROOT)/Developer/Library/Frameworks",
					"$(inherited)",
				);
				INFOPLIST_FILE = ZJNetCaseTests/Info.plist;
				LD_RUNPATH_SEARCH_PATHS = "$(inherited) @executable_path/Frameworks @loader_path/Frameworks";
				PRODUCT_NAME = "$(TARGET_NAME)";
				TEST_HOST = "$(BUILT_PRODUCTS_DIR)/ZJNetCase.app/ZJNetCase";
			};
			name = Release;
		};
/* End XCBuildConfiguration section */

/* Begin XCConfigurationList section */
		066F81431B36BAA400277424 /* Build configuration list for PBXProject "ZJNetCase" */ = {
			isa = XCConfigurationList;
			buildConfigurations = (
				066F81691B36BAA500277424 /* Debug */,
				066F816A1B36BAA500277424 /* Release */,
			);
			defaultConfigurationIsVisible = 0;
			defaultConfigurationName = Release;
		};
		066F816B1B36BAA500277424 /* Build configuration list for PBXNativeTarget "ZJNetCase" */ = {
			isa = XCConfigurationList;
			buildConfigurations = (
				066F816C1B36BAA500277424 /* Debug */,
				066F816D1B36BAA500277424 /* Release */,
			);
			defaultConfigurationIsVisible = 0;
			defaultConfigurationName = Release;
		};
		066F816E1B36BAA500277424 /* Build configuration list for PBXNativeTarget "ZJNetCaseTests" */ = {
			isa = XCConfigurationList;
			buildConfigurations = (
				066F816F1B36BAA500277424 /* Debug */,
				066F81701B36BAA500277424 /* Release */,
			);
			defaultConfigurationIsVisible = 0;
			defaultConfigurationName = Release;
		};
/* End XCConfigurationList section */
	};
	rootObject = 066F81401B36BAA400277424 /* Project object */;
}
